
Microsoft Visual Studio Solution File, Format Version 12.00
# Visual Studio Version 16
VisualStudioVersion = 16.0.30406.169
MinimumVisualStudioVersion = 10.0.40219.1
Project("{FAE04EC0-301F-11D3-BF4B-00C04F79EFBC}") = "quiz aprile", "quiz aprile\quiz aprile.csproj", "{2F398079-7243-47C4-BFCA-5D8F87406B2D}"
EndProject
Global
	GlobalSection(SolutionConfigurationPlatforms) = preSolution
		Debug|Any CPU = Debug|Any CPU
		Release|Any CPU = Release|Any CPU
	EndGlobalSection
	GlobalSection(ProjectConfigurationPlatforms) = postSolution
		{2F398079-7243-47C4-BFCA-5D8F87406B2D}.Debug|Any CPU.ActiveCfg = Debug|Any CPU
		{2F398079-7243-47C4-BFCA-5D8F87406B2D}.Debug|Any CPU.Build.0 = Debug|Any CPU
		{2F398079-7243-47C4-BFCA-5D8F87406B2D}.Release|Any CPU.ActiveCfg = Release|Any CPU
		{2F398079-7243-47C4-BFCA-5D8F87406B2D}.Release|Any CPU.Build.0 = Release|Any CPU
	EndGlobalSection
	GlobalSection(SolutionProperties) = preSolution
		HideSolutionNode = FALSE
	EndGlobalSection
	GlobalSection(ExtensibilityGlobals) = postSolution
		SolutionGuid = {9A6C7F1F-FB97-4E3E-97B7-49E93C7FE65C}
	EndGlobalSection
EndGlobal
