
Microsoft Visual Studio Solution File, Format Version 12.00
# Visual Studio Version 16
VisualStudioVersion = 16.0.31129.286
MinimumVisualStudioVersion = 10.0.40219.1
Project("{FAE04EC0-301F-11D3-BF4B-00C04F79EFBC}") = "Tessera Sanitaria", "Tessera Sanitaria\Tessera Sanitaria.csproj", "{C64ACEBA-44A1-47F1-9008-162907BB98CB}"
EndProject
Global
	GlobalSection(SolutionConfigurationPlatforms) = preSolution
		Debug|Any CPU = Debug|Any CPU
		Release|Any CPU = Release|Any CPU
	EndGlobalSection
	GlobalSection(ProjectConfigurationPlatforms) = postSolution
		{C64ACEBA-44A1-47F1-9008-162907BB98CB}.Debug|Any CPU.ActiveCfg = Debug|Any CPU
		{C64ACEBA-44A1-47F1-9008-162907BB98CB}.Debug|Any CPU.Build.0 = Debug|Any CPU
		{C64ACEBA-44A1-47F1-9008-162907BB98CB}.Release|Any CPU.ActiveCfg = Release|Any CPU
		{C64ACEBA-44A1-47F1-9008-162907BB98CB}.Release|Any CPU.Build.0 = Release|Any CPU
	EndGlobalSection
	GlobalSection(SolutionProperties) = preSolution
		HideSolutionNode = FALSE
	EndGlobalSection
	GlobalSection(ExtensibilityGlobals) = postSolution
		SolutionGuid = {15CA5DB6-C4CF-41DE-976A-6B3DB00AA1DC}
	EndGlobalSection
EndGlobal
