
Microsoft Visual Studio Solution File, Format Version 12.00
# Visual Studio Version 16
VisualStudioVersion = 16.0.31129.286
MinimumVisualStudioVersion = 10.0.40219.1
Project("{FAE04EC0-301F-11D3-BF4B-00C04F79EFBC}") = "Bind2", "Bind2\Bind2.csproj", "{BB75A158-8E8C-4788-8111-D1C7F71455BA}"
EndProject
Global
	GlobalSection(SolutionConfigurationPlatforms) = preSolution
		Debug|Any CPU = Debug|Any CPU
		Release|Any CPU = Release|Any CPU
	EndGlobalSection
	GlobalSection(ProjectConfigurationPlatforms) = postSolution
		{BB75A158-8E8C-4788-8111-D1C7F71455BA}.Debug|Any CPU.ActiveCfg = Debug|Any CPU
		{BB75A158-8E8C-4788-8111-D1C7F71455BA}.Debug|Any CPU.Build.0 = Debug|Any CPU
		{BB75A158-8E8C-4788-8111-D1C7F71455BA}.Release|Any CPU.ActiveCfg = Release|Any CPU
		{BB75A158-8E8C-4788-8111-D1C7F71455BA}.Release|Any CPU.Build.0 = Release|Any CPU
	EndGlobalSection
	GlobalSection(SolutionProperties) = preSolution
		HideSolutionNode = FALSE
	EndGlobalSection
	GlobalSection(ExtensibilityGlobals) = postSolution
		SolutionGuid = {4A443ED7-9569-43EC-A117-557FE0108CB8}
	EndGlobalSection
EndGlobal
