
Microsoft Visual Studio Solution File, Format Version 12.00
# Visual Studio Version 16
VisualStudioVersion = 16.0.30406.169
MinimumVisualStudioVersion = 10.0.40219.1
Project("{FAE04EC0-301F-11D3-BF4B-00C04F79EFBC}") = "Quiz Aprile", "Quiz Aprile\Quiz Aprile.csproj", "{F9DA007B-CD00-4B9D-89AA-01F5DEC8A23B}"
EndProject
Global
	GlobalSection(SolutionConfigurationPlatforms) = preSolution
		Debug|Any CPU = Debug|Any CPU
		Release|Any CPU = Release|Any CPU
	EndGlobalSection
	GlobalSection(ProjectConfigurationPlatforms) = postSolution
		{F9DA007B-CD00-4B9D-89AA-01F5DEC8A23B}.Debug|Any CPU.ActiveCfg = Debug|Any CPU
		{F9DA007B-CD00-4B9D-89AA-01F5DEC8A23B}.Debug|Any CPU.Build.0 = Debug|Any CPU
		{F9DA007B-CD00-4B9D-89AA-01F5DEC8A23B}.Release|Any CPU.ActiveCfg = Release|Any CPU
		{F9DA007B-CD00-4B9D-89AA-01F5DEC8A23B}.Release|Any CPU.Build.0 = Release|Any CPU
	EndGlobalSection
	GlobalSection(SolutionProperties) = preSolution
		HideSolutionNode = FALSE
	EndGlobalSection
	GlobalSection(ExtensibilityGlobals) = postSolution
		SolutionGuid = {FDAADC16-7E76-463D-AC2C-1DABC739A1F2}
	EndGlobalSection
EndGlobal
