
Microsoft Visual Studio Solution File, Format Version 12.00
# Visual Studio Version 16
VisualStudioVersion = 16.0.31129.286
MinimumVisualStudioVersion = 10.0.40219.1
Project("{FAE04EC0-301F-11D3-BF4B-00C04F79EFBC}") = "SelezionaImmagine", "SelezionaImmagine\SelezionaImmagine.csproj", "{C19689C4-163E-4A6A-8E00-AA7BD56111B6}"
EndProject
Global
	GlobalSection(SolutionConfigurationPlatforms) = preSolution
		Debug|Any CPU = Debug|Any CPU
		Release|Any CPU = Release|Any CPU
	EndGlobalSection
	GlobalSection(ProjectConfigurationPlatforms) = postSolution
		{C19689C4-163E-4A6A-8E00-AA7BD56111B6}.Debug|Any CPU.ActiveCfg = Debug|Any CPU
		{C19689C4-163E-4A6A-8E00-AA7BD56111B6}.Debug|Any CPU.Build.0 = Debug|Any CPU
		{C19689C4-163E-4A6A-8E00-AA7BD56111B6}.Release|Any CPU.ActiveCfg = Release|Any CPU
		{C19689C4-163E-4A6A-8E00-AA7BD56111B6}.Release|Any CPU.Build.0 = Release|Any CPU
	EndGlobalSection
	GlobalSection(SolutionProperties) = preSolution
		HideSolutionNode = FALSE
	EndGlobalSection
	GlobalSection(ExtensibilityGlobals) = postSolution
		SolutionGuid = {AFE2DD2F-7793-4238-B28C-CCF71D1E56C3}
	EndGlobalSection
EndGlobal
